
Microsoft Visual Studio Solution File, Format Version 12.00
# Visual Studio Version 17
VisualStudioVersion = 17.4.33110.190
MinimumVisualStudioVersion = 10.0.40219.1
Project("{2150E333-8FDC-42A3-9474-1A3956D46DE8}") = "Editor", "Editor", "{C009257D-BF24-42E4-A16F-D543C26E06FD}"
EndProject
Project("{D954291E-2A0B-460D-934E-DC6B0785DB48}") = "RizaEdCore", "RizaEdCore\RizaEdCore.shproj", "{6B77DCA0-392F-472F-B58E-9949A31F2DAD}"
EndProject
Project("{9A19103F-16F7-4668-BE54-9A1E7A4F7556}") = "RizaConsole", "RizaConsole\RizaConsole.csproj", "{C26C9287-B9F0-4292-89C1-C7F0FCFFDBCF}"
EndProject
Project("{9A19103F-16F7-4668-BE54-9A1E7A4F7556}") = "RizaWpfEditor", "RizaWpfEditor\RizaWpfEditor.csproj", "{38D44B26-51F1-4023-ACD3-C67B8F4C3638}"
EndProject
Project("{2150E333-8FDC-42A3-9474-1A3956D46DE8}") = "Engine", "Engine", "{0316AC79-F72D-4B8D-A6F2-46F04E84F54A}"
EndProject
Project("{8BC9CEB8-8B4A-11D0-8D11-00A0C91BC942}") = "RizaEnCore", "RizaEnCore\RizaEnCore.vcxproj", "{BFDB685C-F7FB-4F30-9205-D3136FAD5140}"
EndProject
Project("{8BC9CEB8-8B4A-11D0-8D11-00A0C91BC942}") = "RizaD3D12Render", "RizaD3D12Render\RizaD3D12Render.vcxproj", "{2B5A69B1-F159-4B25-923B-9840D433781B}"
EndProject
Project("{8BC9CEB8-8B4A-11D0-8D11-00A0C91BC942}") = "RizaFramework", "RizaFramework\RizaFramework.vcxproj", "{3537B4B1-6D90-4C9C-A5EC-B11F0FB61484}"
EndProject
Project("{2150E333-8FDC-42A3-9474-1A3956D46DE8}") = "Standalone", "Standalone", "{69042729-A3E5-47C4-8E64-09A04BA9F44F}"
EndProject
Project("{8BC9CEB8-8B4A-11D0-8D11-00A0C91BC942}") = "StandaloneWindows", "StandaloneWindows\StandaloneWindows.vcxproj", "{FF1EBA67-3978-4FEE-A80B-906E5C4CC6DC}"
EndProject
Project("{2150E333-8FDC-42A3-9474-1A3956D46DE8}") = "Test", "Test", "{85F131B3-CC1C-4884-AB07-DA49C76775CC}"
EndProject
Project("{8BC9CEB8-8B4A-11D0-8D11-00A0C91BC942}") = "EngineUnitTest", "EngineUnitTest\EngineUnitTest.vcxproj", "{353A5694-4A4E-4992-93E5-9A7BEB3CDADD}"
EndProject
Project("{9A19103F-16F7-4668-BE54-9A1E7A4F7556}") = "RizaUnitTest", "RizaUnitTest\RizaUnitTest.csproj", "{B0807298-8803-4AB6-9E6E-461689148CCA}"
EndProject
Global
	GlobalSection(SolutionConfigurationPlatforms) = preSolution
		Debug|x64 = Debug|x64
		Release|x64 = Release|x64
	EndGlobalSection
	GlobalSection(ProjectConfigurationPlatforms) = postSolution
		{C26C9287-B9F0-4292-89C1-C7F0FCFFDBCF}.Debug|x64.ActiveCfg = Debug|x64
		{C26C9287-B9F0-4292-89C1-C7F0FCFFDBCF}.Debug|x64.Build.0 = Debug|x64
		{C26C9287-B9F0-4292-89C1-C7F0FCFFDBCF}.Release|x64.ActiveCfg = Release|x64
		{C26C9287-B9F0-4292-89C1-C7F0FCFFDBCF}.Release|x64.Build.0 = Release|x64
		{38D44B26-51F1-4023-ACD3-C67B8F4C3638}.Debug|x64.ActiveCfg = Debug|x64
		{38D44B26-51F1-4023-ACD3-C67B8F4C3638}.Debug|x64.Build.0 = Debug|x64
		{38D44B26-51F1-4023-ACD3-C67B8F4C3638}.Release|x64.ActiveCfg = Release|x64
		{38D44B26-51F1-4023-ACD3-C67B8F4C3638}.Release|x64.Build.0 = Release|x64
		{BFDB685C-F7FB-4F30-9205-D3136FAD5140}.Debug|x64.ActiveCfg = Debug|x64
		{BFDB685C-F7FB-4F30-9205-D3136FAD5140}.Debug|x64.Build.0 = Debug|x64
		{BFDB685C-F7FB-4F30-9205-D3136FAD5140}.Release|x64.ActiveCfg = Release|x64
		{BFDB685C-F7FB-4F30-9205-D3136FAD5140}.Release|x64.Build.0 = Release|x64
		{2B5A69B1-F159-4B25-923B-9840D433781B}.Debug|x64.ActiveCfg = Debug|x64
		{2B5A69B1-F159-4B25-923B-9840D433781B}.Debug|x64.Build.0 = Debug|x64
		{2B5A69B1-F159-4B25-923B-9840D433781B}.Release|x64.ActiveCfg = Release|x64
		{2B5A69B1-F159-4B25-923B-9840D433781B}.Release|x64.Build.0 = Release|x64
		{3537B4B1-6D90-4C9C-A5EC-B11F0FB61484}.Debug|x64.ActiveCfg = Debug|x64
		{3537B4B1-6D90-4C9C-A5EC-B11F0FB61484}.Debug|x64.Build.0 = Debug|x64
		{3537B4B1-6D90-4C9C-A5EC-B11F0FB61484}.Release|x64.ActiveCfg = Release|x64
		{3537B4B1-6D90-4C9C-A5EC-B11F0FB61484}.Release|x64.Build.0 = Release|x64
		{FF1EBA67-3978-4FEE-A80B-906E5C4CC6DC}.Debug|x64.ActiveCfg = Debug|x64
		{FF1EBA67-3978-4FEE-A80B-906E5C4CC6DC}.Debug|x64.Build.0 = Debug|x64
		{FF1EBA67-3978-4FEE-A80B-906E5C4CC6DC}.Release|x64.ActiveCfg = Release|x64
		{FF1EBA67-3978-4FEE-A80B-906E5C4CC6DC}.Release|x64.Build.0 = Release|x64
		{353A5694-4A4E-4992-93E5-9A7BEB3CDADD}.Debug|x64.ActiveCfg = Debug|x64
		{353A5694-4A4E-4992-93E5-9A7BEB3CDADD}.Debug|x64.Build.0 = Debug|x64
		{353A5694-4A4E-4992-93E5-9A7BEB3CDADD}.Release|x64.ActiveCfg = Release|x64
		{353A5694-4A4E-4992-93E5-9A7BEB3CDADD}.Release|x64.Build.0 = Release|x64
		{B0807298-8803-4AB6-9E6E-461689148CCA}.Debug|x64.ActiveCfg = Debug|x64
		{B0807298-8803-4AB6-9E6E-461689148CCA}.Debug|x64.Build.0 = Debug|x64
		{B0807298-8803-4AB6-9E6E-461689148CCA}.Release|x64.ActiveCfg = Release|x64
		{B0807298-8803-4AB6-9E6E-461689148CCA}.Release|x64.Build.0 = Release|x64
	EndGlobalSection
	GlobalSection(SolutionProperties) = preSolution
		HideSolutionNode = FALSE
	EndGlobalSection
	GlobalSection(NestedProjects) = preSolution
		{6B77DCA0-392F-472F-B58E-9949A31F2DAD} = {C009257D-BF24-42E4-A16F-D543C26E06FD}
		{C26C9287-B9F0-4292-89C1-C7F0FCFFDBCF} = {C009257D-BF24-42E4-A16F-D543C26E06FD}
		{38D44B26-51F1-4023-ACD3-C67B8F4C3638} = {C009257D-BF24-42E4-A16F-D543C26E06FD}
		{BFDB685C-F7FB-4F30-9205-D3136FAD5140} = {0316AC79-F72D-4B8D-A6F2-46F04E84F54A}
		{2B5A69B1-F159-4B25-923B-9840D433781B} = {0316AC79-F72D-4B8D-A6F2-46F04E84F54A}
		{3537B4B1-6D90-4C9C-A5EC-B11F0FB61484} = {0316AC79-F72D-4B8D-A6F2-46F04E84F54A}
		{FF1EBA67-3978-4FEE-A80B-906E5C4CC6DC} = {69042729-A3E5-47C4-8E64-09A04BA9F44F}
		{353A5694-4A4E-4992-93E5-9A7BEB3CDADD} = {85F131B3-CC1C-4884-AB07-DA49C76775CC}
		{B0807298-8803-4AB6-9E6E-461689148CCA} = {85F131B3-CC1C-4884-AB07-DA49C76775CC}
	EndGlobalSection
	GlobalSection(ExtensibilityGlobals) = postSolution
		SolutionGuid = {7D4BA923-D2FC-4947-AC3B-5B158E589285}
	EndGlobalSection
	GlobalSection(SharedMSBuildProjectFiles) = preSolution
		RizaEdCore\RizaEdCore.projitems*{38d44b26-51f1-4023-acd3-c67b8f4c3638}*SharedItemsImports = 5
		RizaEdCore\RizaEdCore.projitems*{6b77dca0-392f-472f-b58e-9949a31f2dad}*SharedItemsImports = 13
		RizaEdCore\RizaEdCore.projitems*{b0807298-8803-4ab6-9e6e-461689148cca}*SharedItemsImports = 5
		RizaEdCore\RizaEdCore.projitems*{c26c9287-b9f0-4292-89c1-c7f0fcffdbcf}*SharedItemsImports = 5
	EndGlobalSection
EndGlobal
