
Microsoft Visual Studio Solution File, Format Version 12.00
# Visual Studio Version 16
VisualStudioVersion = 17.0.31611.283
MinimumVisualStudioVersion = 10.0.40219.1
Project("{9A19103F-16F7-4668-BE54-9A1E7A4F7556}") = "RizaMauiEditor", "RizaMauiEditor\RizaMauiEditor.csproj", "{8EEAD23C-9D08-4D41-9D9A-0B0DBC933690}"
EndProject
Project("{D954291E-2A0B-460D-934E-DC6B0785DB48}") = "RizaEdCore", "RizaEdCore\RizaEdCore.shproj", "{6B77DCA0-392F-472F-B58E-9949A31F2DAD}"
EndProject
Global
	GlobalSection(SolutionConfigurationPlatforms) = preSolution
		Debug|Any CPU = Debug|Any CPU
		Release|Any CPU = Release|Any CPU
	EndGlobalSection
	GlobalSection(ProjectConfigurationPlatforms) = postSolution
		{8EEAD23C-9D08-4D41-9D9A-0B0DBC933690}.Debug|Any CPU.ActiveCfg = Debug|Any CPU
		{8EEAD23C-9D08-4D41-9D9A-0B0DBC933690}.Debug|Any CPU.Build.0 = Debug|Any CPU
		{8EEAD23C-9D08-4D41-9D9A-0B0DBC933690}.Debug|Any CPU.Deploy.0 = Debug|Any CPU
		{8EEAD23C-9D08-4D41-9D9A-0B0DBC933690}.Release|Any CPU.ActiveCfg = Release|Any CPU
		{8EEAD23C-9D08-4D41-9D9A-0B0DBC933690}.Release|Any CPU.Build.0 = Release|Any CPU
		{8EEAD23C-9D08-4D41-9D9A-0B0DBC933690}.Release|Any CPU.Deploy.0 = Release|Any CPU
	EndGlobalSection
	GlobalSection(SolutionProperties) = preSolution
		HideSolutionNode = FALSE
	EndGlobalSection
	GlobalSection(ExtensibilityGlobals) = postSolution
		SolutionGuid = {61F7FB11-1E47-470C-91E2-47F8143E1572}
	EndGlobalSection
EndGlobal
